
Microsoft Visual Studio Solution File, Format Version 12.00
# Visual Studio Version 17
VisualStudioVersion = 17.7.34031.279
MinimumVisualStudioVersion = 10.0.40219.1
Project("{FAE04EC0-301F-11D3-BF4B-00C04F79EFBC}") = "myBank", "myBank\myBank.csproj", "{9270D200-9B5C-40EE-84A1-E288284AE944}"
EndProject
Global
	GlobalSection(SolutionConfigurationPlatforms) = preSolution
		Debug|Any CPU = Debug|Any CPU
		Release|Any CPU = Release|Any CPU
	EndGlobalSection
	GlobalSection(ProjectConfigurationPlatforms) = postSolution
		{9270D200-9B5C-40EE-84A1-E288284AE944}.Debug|Any CPU.ActiveCfg = Debug|Any CPU
		{9270D200-9B5C-40EE-84A1-E288284AE944}.Debug|Any CPU.Build.0 = Debug|Any CPU
		{9270D200-9B5C-40EE-84A1-E288284AE944}.Release|Any CPU.ActiveCfg = Release|Any CPU
		{9270D200-9B5C-40EE-84A1-E288284AE944}.Release|Any CPU.Build.0 = Release|Any CPU
	EndGlobalSection
	GlobalSection(SolutionProperties) = preSolution
		HideSolutionNode = FALSE
	EndGlobalSection
	GlobalSection(ExtensibilityGlobals) = postSolution
		SolutionGuid = {F380B747-9AA6-4AA2-BB79-8A6266E74935}
	EndGlobalSection
EndGlobal
